// !$*UTF8*$!
{
	archiveVersion = 1;
	classes = {
	};
	objectVersion = 77;
	objects = {

/* Begin PBXContainerItemProxy section */
		240DB92E2D9CBFC900343050 /* PBXContainerItemProxy */ = {
			isa = PBXContainerItemProxy;
			containerPortal = 240DB9152D9CBFC800343050 /* Project object */;
			proxyType = 1;
			remoteGlobalIDString = 240DB91C2D9CBFC800343050;
			remoteInfo = FilmlerUygulamasi;
		};
		240DB9382D9CBFC900343050 /* PBXContainerItemProxy */ = {
			isa = PBXContainerItemProxy;
			containerPortal = 240DB9152D9CBFC800343050 /* Project object */;
			proxyType = 1;
			remoteGlobalIDString = 240DB91C2D9CBFC800343050;
			remoteInfo = FilmlerUygulamasi;
		};
/* End PBXContainerItemProxy section */

/* Begin PBXFileReference section */
		240DB91D2D9CBFC800343050 /* FilmlerUygulamasi.app */ = {isa = PBXFileReference; explicitFileType = wrapper.application; includeInIndex = 0; path = FilmlerUygulamasi.app; sourceTree = BUILT_PRODUCTS_DIR; };
		240DB92D2D9CBFC900343050 /* FilmlerUygulamasiTests.xctest */ = {isa = PBXFileReference; explicitFileType = wrapper.cfbundle; includeInIndex = 0; path = FilmlerUygulamasiTests.xctest; sourceTree = BUILT_PRODUCTS_DIR; };
		240DB9372D9CBFC900343050 /* FilmlerUygulamasiUITests.xctest */ = {isa = PBXFileReference; explicitFileType = wrapper.cfbundle; includeInIndex = 0; path = FilmlerUygulamasiUITests.xctest; sourceTree = BUILT_PRODUCTS_DIR; };
		24A4A4E42DC10CF6001EFE51 /* libsqlite3.tbd */ = {isa = PBXFileReference; lastKnownFileType = "sourcecode.text-based-dylib-definition"; name = libsqlite3.tbd; path = usr/lib/libsqlite3.tbd; sourceTree = SDKROOT; };
/* End PBXFileReference section */

/* Begin PBXFileSystemSynchronizedBuildFileExceptionSet section */
		24C13AF92DCBBA7C00B6AD2E /* Exceptions for "FilmlerUygulamasi" folder in "FilmlerUygulamasi" target */ = {
			isa = PBXFileSystemSynchronizedBuildFileExceptionSet;
			membershipExceptions = (
				Info.plist,
			);
			target = 240DB91C2D9CBFC800343050 /* FilmlerUygulamasi */;
		};
/* End PBXFileSystemSynchronizedBuildFileExceptionSet section */

/* Begin PBXFileSystemSynchronizedRootGroup section */
		240DB91F2D9CBFC800343050 /* FilmlerUygulamasi */ = {
			isa = PBXFileSystemSynchronizedRootGroup;
			exceptions = (
				24C13AF92DCBBA7C00B6AD2E /* Exceptions for "FilmlerUygulamasi" folder in "FilmlerUygulamasi" target */,
			);
			path = FilmlerUygulamasi;
			sourceTree = "<group>";
		};
		240DB9302D9CBFC900343050 /* FilmlerUygulamasiTests */ = {
			isa = PBXFileSystemSynchronizedRootGroup;
			path = FilmlerUygulamasiTests;
			sourceTree = "<group>";
		};
		240DB93A2D9CBFC900343050 /* FilmlerUygulamasiUITests */ = {
			isa = PBXFileSystemSynchronizedRootGroup;
			path = FilmlerUygulamasiUITests;
			sourceTree = "<group>";
		};
/* End PBXFileSystemSynchronizedRootGroup section */

/* Begin PBXFrameworksBuildPhase section */
		240DB91A2D9CBFC800343050 /* Frameworks */ = {
			isa = PBXFrameworksBuildPhase;
			buildActionMask = 2147483647;
			files = (
			);
			runOnlyForDeploymentPostprocessing = 0;
		};
		240DB92A2D9CBFC900343050 /* Frameworks */ = {
			isa = PBXFrameworksBuildPhase;
			buildActionMask = 2147483647;
			files = (
			);
			runOnlyForDeploymentPostprocessing = 0;
		};
		240DB9342D9CBFC900343050 /* Frameworks */ = {
			isa = PBXFrameworksBuildPhase;
			buildActionMask = 2147483647;
			files = (
			);
			runOnlyForDeploymentPostprocessing = 0;
		};
/* End PBXFrameworksBuildPhase section */

/* Begin PBXGroup section */
		240DB9142D9CBFC800343050 = {
			isa = PBXGroup;
			children = (
				240DB91F2D9CBFC800343050 /* FilmlerUygulamasi */,
				240DB9302D9CBFC900343050 /* FilmlerUygulamasiTests */,
				240DB93A2D9CBFC900343050 /* FilmlerUygulamasiUITests */,
				24A4A4E32DC10CF6001EFE51 /* Frameworks */,
				240DB91E2D9CBFC800343050 /* Products */,
			);
			sourceTree = "<group>";
		};
		240DB91E2D9CBFC800343050 /* Products */ = {
			isa = PBXGroup;
			children = (
				240DB91D2D9CBFC800343050 /* FilmlerUygulamasi.app */,
				240DB92D2D9CBFC900343050 /* FilmlerUygulamasiTests.xctest */,
				240DB9372D9CBFC900343050 /* FilmlerUygulamasiUITests.xctest */,
			);
			name = Products;
			sourceTree = "<group>";
		};
		24A4A4E32DC10CF6001EFE51 /* Frameworks */ = {
			isa = PBXGroup;
			children = (
				24A4A4E42DC10CF6001EFE51 /* libsqlite3.tbd */,
			);
			name = Frameworks;
			sourceTree = "<group>";
		};
/* End PBXGroup section */

/* Begin PBXNativeTarget section */
		240DB91C2D9CBFC800343050 /* FilmlerUygulamasi */ = {
			isa = PBXNativeTarget;
			buildConfigurationList = 240DB9412D9CBFC900343050 /* Build configuration list for PBXNativeTarget "FilmlerUygulamasi" */;
			buildPhases = (
				240DB9192D9CBFC800343050 /* Sources */,
				240DB91A2D9CBFC800343050 /* Frameworks */,
				240DB91B2D9CBFC800343050 /* Resources */,
			);
			buildRules = (
			);
			dependencies = (
			);
			fileSystemSynchronizedGroups = (
				240DB91F2D9CBFC800343050 /* FilmlerUygulamasi */,
			);
			name = FilmlerUygulamasi;
			packageProductDependencies = (
			);
			productName = FilmlerUygulamasi;
			productReference = 240DB91D2D9CBFC800343050 /* FilmlerUygulamasi.app */;
			productType = "com.apple.product-type.application";
		};
		240DB92C2D9CBFC900343050 /* FilmlerUygulamasiTests */ = {
			isa = PBXNativeTarget;
			buildConfigurationList = 240DB9442D9CBFC900343050 /* Build configuration list for PBXNativeTarget "FilmlerUygulamasiTests" */;
			buildPhases = (
				240DB9292D9CBFC900343050 /* Sources */,
				240DB92A2D9CBFC900343050 /* Frameworks */,
				240DB92B2D9CBFC900343050 /* Resources */,
			);
			buildRules = (
			);
			dependencies = (
				240DB92F2D9CBFC900343050 /* PBXTargetDependency */,
			);
			fileSystemSynchronizedGroups = (
				240DB9302D9CBFC900343050 /* FilmlerUygulamasiTests */,
			);
			name = FilmlerUygulamasiTests;
			packageProductDependencies = (
			);
			productName = FilmlerUygulamasiTests;
			productReference = 240DB92D2D9CBFC900343050 /* FilmlerUygulamasiTests.xctest */;
			productType = "com.apple.product-type.bundle.unit-test";
		};
		240DB9362D9CBFC900343050 /* FilmlerUygulamasiUITests */ = {
			isa = PBXNativeTarget;
			buildConfigurationList = 240DB9472D9CBFC900343050 /* Build configuration list for PBXNativeTarget "FilmlerUygulamasiUITests" */;
			buildPhases = (
				240DB9332D9CBFC900343050 /* Sources */,
				240DB9342D9CBFC900343050 /* Frameworks */,
				240DB9352D9CBFC900343050 /* Resources */,
			);
			buildRules = (
			);
			dependencies = (
				240DB9392D9CBFC900343050 /* PBXTargetDependency */,
			);
			fileSystemSynchronizedGroups = (
				240DB93A2D9CBFC900343050 /* FilmlerUygulamasiUITests */,
			);
			name = FilmlerUygulamasiUITests;
			packageProductDependencies = (
			);
			productName = FilmlerUygulamasiUITests;
			productReference = 240DB9372D9CBFC900343050 /* FilmlerUygulamasiUITests.xctest */;
			productType = "com.apple.product-type.bundle.ui-testing";
		};
/* End PBXNativeTarget section */

/* Begin PBXProject section */
		240DB9152D9CBFC800343050 /* Project object */ = {
			isa = PBXProject;
			attributes = {
				BuildIndependentTargetsInParallel = 1;
				LastSwiftUpdateCheck = 1620;
				LastUpgradeCheck = 1620;
				TargetAttributes = {
					240DB91C2D9CBFC800343050 = {
						CreatedOnToolsVersion = 16.2;
						LastSwiftMigration = 1630;
					};
					240DB92C2D9CBFC900343050 = {
						CreatedOnToolsVersion = 16.2;
						TestTargetID = 240DB91C2D9CBFC800343050;
					};
					240DB9362D9CBFC900343050 = {
						CreatedOnToolsVersion = 16.2;
						TestTargetID = 240DB91C2D9CBFC800343050;
					};
				};
			};
			buildConfigurationList = 240DB9182D9CBFC800343050 /* Build configuration list for PBXProject "FilmlerUygulamasi" */;
			developmentRegion = en;
			hasScannedForEncodings = 0;
			knownRegions = (
				en,
				Base,
			);
			mainGroup = 240DB9142D9CBFC800343050;
			minimizedProjectReferenceProxies = 1;
			preferredProjectObjectVersion = 77;
			productRefGroup = 240DB91E2D9CBFC800343050 /* Products */;
			projectDirPath = "";
			projectRoot = "";
			targets = (
				240DB91C2D9CBFC800343050 /* FilmlerUygulamasi */,
				240DB92C2D9CBFC900343050 /* FilmlerUygulamasiTests */,
				240DB9362D9CBFC900343050 /* FilmlerUygulamasiUITests */,
			);
		};
/* End PBXProject section */

/* Begin PBXResourcesBuildPhase section */
		240DB91B2D9CBFC800343050 /* Resources */ = {
			isa = PBXResourcesBuildPhase;
			buildActionMask = 2147483647;
			files = (
			);
			runOnlyForDeploymentPostprocessing = 0;
		};
		240DB92B2D9CBFC900343050 /* Resources */ = {
			isa = PBXResourcesBuildPhase;
			buildActionMask = 2147483647;
			files = (
			);
			runOnlyForDeploymentPostprocessing = 0;
		};
		240DB9352D9CBFC900343050 /* Resources */ = {
			isa = PBXResourcesBuildPhase;
			buildActionMask = 2147483647;
			files = (
			);
			runOnlyForDeploymentPostprocessing = 0;
		};
/* End PBXResourcesBuildPhase section */

/* Begin PBXSourcesBuildPhase section */
		240DB9192D9CBFC800343050 /* Sources */ = {
			isa = PBXSourcesBuildPhase;
			buildActionMask = 2147483647;
			files = (
			);
			runOnlyForDeploymentPostprocessing = 0;
		};
		240DB9292D9CBFC900343050 /* Sources */ = {
			isa = PBXSourcesBuildPhase;
			buildActionMask = 2147483647;
			files = (
			);
			runOnlyForDeploymentPostprocessing = 0;
		};
		240DB9332D9CBFC900343050 /* Sources */ = {
			isa = PBXSourcesBuildPhase;
			buildActionMask = 2147483647;
			files = (
			);
			runOnlyForDeploymentPostprocessing = 0;
		};
/* End PBXSourcesBuildPhase section */

/* Begin PBXTargetDependency section */
		240DB92F2D9CBFC900343050 /* PBXTargetDependency */ = {
			isa = PBXTargetDependency;
			target = 240DB91C2D9CBFC800343050 /* FilmlerUygulamasi */;
			targetProxy = 240DB92E2D9CBFC900343050 /* PBXContainerItemProxy */;
		};
		240DB9392D9CBFC900343050 /* PBXTargetDependency */ = {
			isa = PBXTargetDependency;
			target = 240DB91C2D9CBFC800343050 /* FilmlerUygulamasi */;
			targetProxy = 240DB9382D9CBFC900343050 /* PBXContainerItemProxy */;
		};
/* End PBXTargetDependency section */

/* Begin XCBuildConfiguration section */
		240DB93F2D9CBFC900343050 /* Debug */ = {
			isa = XCBuildConfiguration;
			buildSettings = {
				ALWAYS_SEARCH_USER_PATHS = NO;
				ASSETCATALOG_COMPILER_GENERATE_SWIFT_ASSET_SYMBOL_EXTENSIONS = YES;
				CLANG_ANALYZER_NONNULL = YES;
				CLANG_ANALYZER_NUMBER_OBJECT_CONVERSION = YES_AGGRESSIVE;
				CLANG_CXX_LANGUAGE_STANDARD = "gnu++20";
				CLANG_ENABLE_MODULES = YES;
				CLANG_ENABLE_OBJC_ARC = YES;
				CLANG_ENABLE_OBJC_WEAK = YES;
				CLANG_WARN_BLOCK_CAPTURE_AUTORELEASING = YES;
				CLANG_WARN_BOOL_CONVERSION = YES;
				CLANG_WARN_COMMA = YES;
				CLANG_WARN_CONSTANT_CONVERSION = YES;
				CLANG_WARN_DEPRECATED_OBJC_IMPLEMENTATIONS = YES;
				CLANG_WARN_DIRECT_OBJC_ISA_USAGE = YES_ERROR;
				CLANG_WARN_DOCUMENTATION_COMMENTS = YES;
				CLANG_WARN_EMPTY_BODY = YES;
				CLANG_WARN_ENUM_CONVERSION = YES;
				CLANG_WARN_INFINITE_RECURSION = YES;
				CLANG_WARN_INT_CONVERSION = YES;
				CLANG_WARN_NON_LITERAL_NULL_CONVERSION = YES;
				CLANG_WARN_OBJC_IMPLICIT_RETAIN_SELF = YES;
				CLANG_WARN_OBJC_LITERAL_CONVERSION = YES;
				CLANG_WARN_OBJC_ROOT_CLASS = YES_ERROR;
				CLANG_WARN_QUOTED_INCLUDE_IN_FRAMEWORK_HEADER = YES;
				CLANG_WARN_RANGE_LOOP_ANALYSIS = YES;
				CLANG_WARN_STRICT_PROTOTYPES = YES;
				CLANG_WARN_SUSPICIOUS_MOVE = YES;
				CLANG_WARN_UNGUARDED_AVAILABILITY = YES_AGGRESSIVE;
				CLANG_WARN_UNREACHABLE_CODE = YES;
				CLANG_WARN__DUPLICATE_METHOD_MATCH = YES;
				COPY_PHASE_STRIP = NO;
				DEBUG_INFORMATION_FORMAT = dwarf;
				ENABLE_STRICT_OBJC_MSGSEND = YES;
				ENABLE_TESTABILITY = YES;
				ENABLE_USER_SCRIPT_SANDBOXING = YES;
				GCC_C_LANGUAGE_STANDARD = gnu17;
				GCC_DYNAMIC_NO_PIC = NO;
				GCC_NO_COMMON_BLOCKS = YES;
				GCC_OPTIMIZATION_LEVEL = 0;
				GCC_PREPROCESSOR_DEFINITIONS = (
					"DEBUG=1",
					"$(inherited)",
				);
				GCC_WARN_64_TO_32_BIT_CONVERSION = YES;
				GCC_WARN_ABOUT_RETURN_TYPE = YES_ERROR;
				GCC_WARN_UNDECLARED_SELECTOR = YES;
				GCC_WARN_UNINITIALIZED_AUTOS = YES_AGGRESSIVE;
				GCC_WARN_UNUSED_FUNCTION = YES;
				GCC_WARN_UNUSED_VARIABLE = YES;
				IPHONEOS_DEPLOYMENT_TARGET = 18.2;
				LOCALIZATION_PREFERS_STRING_CATALOGS = YES;
				MTL_ENABLE_DEBUG_INFO = INCLUDE_SOURCE;
				MTL_FAST_MATH = YES;
				ONLY_ACTIVE_ARCH = YES;
				SDKROOT = iphoneos;
				SWIFT_ACTIVE_COMPILATION_CONDITIONS = "DEBUG $(inherited)";
				SWIFT_OPTIMIZATION_LEVEL = "-Onone";
			};
			name = Debug;
		};
		240DB9402D9CBFC900343050 /* Release */ = {
			isa = XCBuildConfiguration;
			buildSettings = {
				ALWAYS_SEARCH_USER_PATHS = NO;
				ASSETCATALOG_COMPILER_GENERATE_SWIFT_ASSET_SYMBOL_EXTENSIONS = YES;
				CLANG_ANALYZER_NONNULL = YES;
				CLANG_ANALYZER_NUMBER_OBJECT_CONVERSION = YES_AGGRESSIVE;
				CLANG_CXX_LANGUAGE_STANDARD = "gnu++20";
				CLANG_ENABLE_MODULES = YES;
				CLANG_ENABLE_OBJC_ARC = YES;
				CLANG_ENABLE_OBJC_WEAK = YES;
				CLANG_WARN_BLOCK_CAPTURE_AUTORELEASING = YES;
				CLANG_WARN_BOOL_CONVERSION = YES;
				CLANG_WARN_COMMA = YES;
				CLANG_WARN_CONSTANT_CONVERSION = YES;
				CLANG_WARN_DEPRECATED_OBJC_IMPLEMENTATIONS = YES;
				CLANG_WARN_DIRECT_OBJC_ISA_USAGE = YES_ERROR;
				CLANG_WARN_DOCUMENTATION_COMMENTS = YES;
				CLANG_WARN_EMPTY_BODY = YES;
				CLANG_WARN_ENUM_CONVERSION = YES;
				CLANG_WARN_INFINITE_RECURSION = YES;
				CLANG_WARN_INT_CONVERSION = YES;
				CLANG_WARN_NON_LITERAL_NULL_CONVERSION = YES;
				CLANG_WARN_OBJC_IMPLICIT_RETAIN_SELF = YES;
				CLANG_WARN_OBJC_LITERAL_CONVERSION = YES;
				CLANG_WARN_OBJC_ROOT_CLASS = YES_ERROR;
				CLANG_WARN_QUOTED_INCLUDE_IN_FRAMEWORK_HEADER = YES;
				CLANG_WARN_RANGE_LOOP_ANALYSIS = YES;
				CLANG_WARN_STRICT_PROTOTYPES = YES;
				CLANG_WARN_SUSPICIOUS_MOVE = YES;
				CLANG_WARN_UNGUARDED_AVAILABILITY = YES_AGGRESSIVE;
				CLANG_WARN_UNREACHABLE_CODE = YES;
				CLANG_WARN__DUPLICATE_METHOD_MATCH = YES;
				COPY_PHASE_STRIP = NO;
				DEBUG_INFORMATION_FORMAT = "dwarf-with-dsym";
				ENABLE_NS_ASSERTIONS = NO;
				ENABLE_STRICT_OBJC_MSGSEND = YES;
				ENABLE_USER_SCRIPT_SANDBOXING = YES;
				GCC_C_LANGUAGE_STANDARD = gnu17;
				GCC_NO_COMMON_BLOCKS = YES;
				GCC_WARN_64_TO_32_BIT_CONVERSION = YES;
				GCC_WARN_ABOUT_RETURN_TYPE = YES_ERROR;
				GCC_WARN_UNDECLARED_SELECTOR = YES;
				GCC_WARN_UNINITIALIZED_AUTOS = YES_AGGRESSIVE;
				GCC_WARN_UNUSED_FUNCTION = YES;
				GCC_WARN_UNUSED_VARIABLE = YES;
				IPHONEOS_DEPLOYMENT_TARGET = 18.2;
				LOCALIZATION_PREFERS_STRING_CATALOGS = YES;
				MTL_ENABLE_DEBUG_INFO = NO;
				MTL_FAST_MATH = YES;
				SDKROOT = iphoneos;
				SWIFT_COMPILATION_MODE = wholemodule;
				VALIDATE_PRODUCT = YES;
			};
			name = Release;
		};
		240DB9422D9CBFC900343050 /* Debug */ = {
			isa = XCBuildConfiguration;
			buildSettings = {
				ASSETCATALOG_COMPILER_APPICON_NAME = AppIcon;
				ASSETCATALOG_COMPILER_GLOBAL_ACCENT_COLOR_NAME = AccentColor;
				CLANG_ENABLE_MODULES = YES;
				CODE_SIGN_STYLE = Automatic;
				CURRENT_PROJECT_VERSION = 1;
				DEVELOPMENT_ASSET_PATHS = "\"FilmlerUygulamasi/Preview Content\"";
				ENABLE_PREVIEWS = YES;
				GENERATE_INFOPLIST_FILE = YES;
				INFOPLIST_FILE = FilmlerUygulamasi/Info.plist;
				INFOPLIST_KEY_UIApplicationSceneManifest_Generation = YES;
				INFOPLIST_KEY_UIApplicationSupportsIndirectInputEvents = YES;
				INFOPLIST_KEY_UILaunchScreen_Generation = YES;
				INFOPLIST_KEY_UISupportedInterfaceOrientations_iPad = "UIInterfaceOrientationPortrait UIInterfaceOrientationPortraitUpsideDown UIInterfaceOrientationLandscapeLeft UIInterfaceOrientationLandscapeRight";
				INFOPLIST_KEY_UISupportedInterfaceOrientations_iPhone = "UIInterfaceOrientationPortrait UIInterfaceOrientationLandscapeLeft UIInterfaceOrientationLandscapeRight";
				LD_RUNPATH_SEARCH_PATHS = (
					"$(inherited)",
					"@executable_path/Frameworks",
				);
				MARKETING_VERSION = 1.0;
				PRODUCT_BUNDLE_IDENTIFIER = com.info.FilmlerUygulamasi;
				PRODUCT_NAME = "$(TARGET_NAME)";
				SWIFT_EMIT_LOC_STRINGS = YES;
				SWIFT_OBJC_BRIDGING_HEADER = "FilmlerUygulamasi/FilmlerUygulamasi-Bridging-Header.h";
				SWIFT_OPTIMIZATION_LEVEL = "-Onone";
				SWIFT_VERSION = 5.0;
				TARGETED_DEVICE_FAMILY = "1,2";
			};
			name = Debug;
		};
		240DB9432D9CBFC900343050 /* Release */ = {
			isa = XCBuildConfiguration;
			buildSettings = {
				ASSETCATALOG_COMPILER_APPICON_NAME = AppIcon;
				ASSETCATALOG_COMPILER_GLOBAL_ACCENT_COLOR_NAME = AccentColor;
				CLANG_ENABLE_MODULES = YES;
				CODE_SIGN_STYLE = Automatic;
				CURRENT_PROJECT_VERSION = 1;
				DEVELOPMENT_ASSET_PATHS = "\"FilmlerUygulamasi/Preview Content\"";
				ENABLE_PREVIEWS = YES;
				GENERATE_INFOPLIST_FILE = YES;
				INFOPLIST_FILE = FilmlerUygulamasi/Info.plist;
				INFOPLIST_KEY_UIApplicationSceneManifest_Generation = YES;
				INFOPLIST_KEY_UIApplicationSupportsIndirectInputEvents = YES;
				INFOPLIST_KEY_UILaunchScreen_Generation = YES;
				INFOPLIST_KEY_UISupportedInterfaceOrientations_iPad = "UIInterfaceOrientationPortrait UIInterfaceOrientationPortraitUpsideDown UIInterfaceOrientationLandscapeLeft UIInterfaceOrientationLandscapeRight";
				INFOPLIST_KEY_UISupportedInterfaceOrientations_iPhone = "UIInterfaceOrientationPortrait UIInterfaceOrientationLandscapeLeft UIInterfaceOrientationLandscapeRight";
				LD_RUNPATH_SEARCH_PATHS = (
					"$(inherited)",
					"@executable_path/Frameworks",
				);
				MARKETING_VERSION = 1.0;
				PRODUCT_BUNDLE_IDENTIFIER = com.info.FilmlerUygulamasi;
				PRODUCT_NAME = "$(TARGET_NAME)";
				SWIFT_EMIT_LOC_STRINGS = YES;
				SWIFT_OBJC_BRIDGING_HEADER = "FilmlerUygulamasi/FilmlerUygulamasi-Bridging-Header.h";
				SWIFT_VERSION = 5.0;
				TARGETED_DEVICE_FAMILY = "1,2";
			};
			name = Release;
		};
		240DB9452D9CBFC900343050 /* Debug */ = {
			isa = XCBuildConfiguration;
			buildSettings = {
				BUNDLE_LOADER = "$(TEST_HOST)";
				CODE_SIGN_STYLE = Automatic;
				CURRENT_PROJECT_VERSION = 1;
				GENERATE_INFOPLIST_FILE = YES;
				IPHONEOS_DEPLOYMENT_TARGET = 18.2;
				MARKETING_VERSION = 1.0;
				PRODUCT_BUNDLE_IDENTIFIER = com.info.FilmlerUygulamasiTests;
				PRODUCT_NAME = "$(TARGET_NAME)";
				SWIFT_EMIT_LOC_STRINGS = NO;
				SWIFT_VERSION = 5.0;
				TARGETED_DEVICE_FAMILY = "1,2";
				TEST_HOST = "$(BUILT_PRODUCTS_DIR)/FilmlerUygulamasi.app/$(BUNDLE_EXECUTABLE_FOLDER_PATH)/FilmlerUygulamasi";
			};
			name = Debug;
		};
		240DB9462D9CBFC900343050 /* Release */ = {
			isa = XCBuildConfiguration;
			buildSettings = {
				BUNDLE_LOADER = "$(TEST_HOST)";
				CODE_SIGN_STYLE = Automatic;
				CURRENT_PROJECT_VERSION = 1;
				GENERATE_INFOPLIST_FILE = YES;
				IPHONEOS_DEPLOYMENT_TARGET = 18.2;
				MARKETING_VERSION = 1.0;
				PRODUCT_BUNDLE_IDENTIFIER = com.info.FilmlerUygulamasiTests;
				PRODUCT_NAME = "$(TARGET_NAME)";
				SWIFT_EMIT_LOC_STRINGS = NO;
				SWIFT_VERSION = 5.0;
				TARGETED_DEVICE_FAMILY = "1,2";
				TEST_HOST = "$(BUILT_PRODUCTS_DIR)/FilmlerUygulamasi.app/$(BUNDLE_EXECUTABLE_FOLDER_PATH)/FilmlerUygulamasi";
			};
			name = Release;
		};
		240DB9482D9CBFC900343050 /* Debug */ = {
			isa = XCBuildConfiguration;
			buildSettings = {
				CODE_SIGN_STYLE = Automatic;
				CURRENT_PROJECT_VERSION = 1;
				GENERATE_INFOPLIST_FILE = YES;
				MARKETING_VERSION = 1.0;
				PRODUCT_BUNDLE_IDENTIFIER = com.info.FilmlerUygulamasiUITests;
				PRODUCT_NAME = "$(TARGET_NAME)";
				SWIFT_EMIT_LOC_STRINGS = NO;
				SWIFT_VERSION = 5.0;
				TARGETED_DEVICE_FAMILY = "1,2";
				TEST_TARGET_NAME = FilmlerUygulamasi;
			};
			name = Debug;
		};
		240DB9492D9CBFC900343050 /* Release */ = {
			isa = XCBuildConfiguration;
			buildSettings = {
				CODE_SIGN_STYLE = Automatic;
				CURRENT_PROJECT_VERSION = 1;
				GENERATE_INFOPLIST_FILE = YES;
				MARKETING_VERSION = 1.0;
				PRODUCT_BUNDLE_IDENTIFIER = com.info.FilmlerUygulamasiUITests;
				PRODUCT_NAME = "$(TARGET_NAME)";
				SWIFT_EMIT_LOC_STRINGS = NO;
				SWIFT_VERSION = 5.0;
				TARGETED_DEVICE_FAMILY = "1,2";
				TEST_TARGET_NAME = FilmlerUygulamasi;
			};
			name = Release;
		};
/* End XCBuildConfiguration section */

/* Begin XCConfigurationList section */
		240DB9182D9CBFC800343050 /* Build configuration list for PBXProject "FilmlerUygulamasi" */ = {
			isa = XCConfigurationList;
			buildConfigurations = (
				240DB93F2D9CBFC900343050 /* Debug */,
				240DB9402D9CBFC900343050 /* Release */,
			);
			defaultConfigurationIsVisible = 0;
			defaultConfigurationName = Release;
		};
		240DB9412D9CBFC900343050 /* Build configuration list for PBXNativeTarget "FilmlerUygulamasi" */ = {
			isa = XCConfigurationList;
			buildConfigurations = (
				240DB9422D9CBFC900343050 /* Debug */,
				240DB9432D9CBFC900343050 /* Release */,
			);
			defaultConfigurationIsVisible = 0;
			defaultConfigurationName = Release;
		};
		240DB9442D9CBFC900343050 /* Build configuration list for PBXNativeTarget "FilmlerUygulamasiTests" */ = {
			isa = XCConfigurationList;
			buildConfigurations = (
				240DB9452D9CBFC900343050 /* Debug */,
				240DB9462D9CBFC900343050 /* Release */,
			);
			defaultConfigurationIsVisible = 0;
			defaultConfigurationName = Release;
		};
		240DB9472D9CBFC900343050 /* Build configuration list for PBXNativeTarget "FilmlerUygulamasiUITests" */ = {
			isa = XCConfigurationList;
			buildConfigurations = (
				240DB9482D9CBFC900343050 /* Debug */,
				240DB9492D9CBFC900343050 /* Release */,
			);
			defaultConfigurationIsVisible = 0;
			defaultConfigurationName = Release;
		};
/* End XCConfigurationList section */
	};
	rootObject = 240DB9152D9CBFC800343050 /* Project object */;
}
